// !$*UTF8*$!
{
	archiveVersion = 1;
	classes = {
	};
	objectVersion = 54;
	objects = {

/* Begin PBXBuildFile section */
		0665639F1BC0BAB0C5983A5C /* Pods_Runner.framework in Frameworks */ = {isa = PBXBuildFile; fileRef = 2576DA55399318207796E173 /* Pods_Runner.framework */; };
		1498D2341E8E89220040F4C2 /* GeneratedPluginRegistrant.m in Sources */ = {isa = PBXBuildFile; fileRef = 1498D2331E8E89220040F4C2 /* GeneratedPluginRegistrant.m */; };
		331C808B294A63AB00263BE5 /* RunnerTests.swift in Sources */ = {isa = PBXBuildFile; fileRef = 331C807B294A618700263BE5 /* RunnerTests.swift */; };
		3B3967161E833CAA004F5970 /* AppFrameworkInfo.plist in Resources */ = {isa = PBXBuildFile; fileRef = 3B3967151E833CAA004F5970 /* AppFrameworkInfo.plist */; };
		74858FAF1ED2DC5600515810 /* AppDelegate.swift in Sources */ = {isa = PBXBuildFile; fileRef = 74858FAE1ED2DC5600515810 /* AppDelegate.swift */; };
		7B7067BCE9FA33DCF58B7AD1 /* Pods_RunnerTests.framework in Frameworks */ = {isa = PBXBuildFile; fileRef = 62431A9FE265C7E8CF43EBC0 /* Pods_RunnerTests.framework */; };
		97C146FC1CF9000F007C117D /* Main.storyboard in Resources */ = {isa = PBXBuildFile; fileRef = 97C146FA1CF9000F007C117D /* Main.storyboard */; };
		97C146FE1CF9000F007C117D /* Assets.xcassets in Resources */ = {isa = PBXBuildFile; fileRef = 97C146FD1CF9000F007C117D /* Assets.xcassets */; };
		97C147011CF9000F007C117D /* LaunchScreen.storyboard in Resources */ = {isa = PBXBuildFile; fileRef = 97C146FF1CF9000F007C117D /* LaunchScreen.storyboard */; };
		B3A856AC2E2CEE32003DB82F /* AppDataModel+Orbit.swift in Sources */ = {isa = PBXBuildFile; fileRef = B3A856AB2E2CEE32003DB82F /* AppDataModel+Orbit.swift */; };
		B3A856AD2E2CEE32003DB82F /* AppDataModel.swift in Sources */ = {isa = PBXBuildFile; fileRef = B3A856AA2E2CEE32003DB82F /* AppDataModel.swift */; };
		B3A856B12E2CEE6C003DB82F /* FeedbackMessages.swift in Sources */ = {isa = PBXBuildFile; fileRef = B3A856AF2E2CEE6C003DB82F /* FeedbackMessages.swift */; };
		B3A856B22E2CEE6C003DB82F /* GuidedCaptureSampleApp.swift in Sources */ = {isa = PBXBuildFile; fileRef = B3A856B02E2CEE6C003DB82F /* GuidedCaptureSampleApp.swift */; };
		B3A856B32E2CEE6C003DB82F /* CaptureFolderManager.swift in Sources */ = {isa = PBXBuildFile; fileRef = B3A856AE2E2CEE6C003DB82F /* CaptureFolderManager.swift */; };
		B3A856B72E2CEEA2003DB82F /* OnboardingButtonView+LocalizedString.swift in Sources */ = {isa = PBXBuildFile; fileRef = B3A856B42E2CEEA2003DB82F /* OnboardingButtonView+LocalizedString.swift */; };
		B3A856B82E2CEEA2003DB82F /* OnboardingStateMachine.swift in Sources */ = {isa = PBXBuildFile; fileRef = B3A856B52E2CEEA2003DB82F /* OnboardingStateMachine.swift */; };
		B3A856B92E2CEEA2003DB82F /* OnboardingTutorialView+LocalizedString.swift in Sources */ = {isa = PBXBuildFile; fileRef = B3A856B62E2CEEA2003DB82F /* OnboardingTutorialView+LocalizedString.swift */; };
		B3A856CE2E2CEEE2003DB82F /* CapturePrimaryView.swift in Sources */ = {isa = PBXBuildFile; fileRef = B3A856BE2E2CEEE2003DB82F /* CapturePrimaryView.swift */; };
		B3A856CF2E2CEEE2003DB82F /* ModelView.swift in Sources */ = {isa = PBXBuildFile; fileRef = B3A856C22E2CEEE2003DB82F /* ModelView.swift */; };
		B3A856D02E2CEEE2003DB82F /* PlayerView.swift in Sources */ = {isa = PBXBuildFile; fileRef = B3A856C62E2CEEE2003DB82F /* PlayerView.swift */; };
		B3A856D12E2CEEE2003DB82F /* CaptureOverlayView.swift in Sources */ = {isa = PBXBuildFile; fileRef = B3A856BD2E2CEEE2003DB82F /* CaptureOverlayView.swift */; };
		B3A856D22E2CEEE2003DB82F /* ContentView.swift in Sources */ = {isa = PBXBuildFile; fileRef = B3A856BF2E2CEEE2003DB82F /* ContentView.swift */; };
		B3A856D32E2CEEE2003DB82F /* FeedbackView.swift in Sources */ = {isa = PBXBuildFile; fileRef = B3A856C02E2CEEE2003DB82F /* FeedbackView.swift */; };
		B3A856D42E2CEEE2003DB82F /* UntilProcessingCompleteFilter.swift in Sources */ = {isa = PBXBuildFile; fileRef = B3A856BB2E2CEEE2003DB82F /* UntilProcessingCompleteFilter.swift */; };
		B3A856D52E2CEEE2003DB82F /* PrimaryView.swift in Sources */ = {isa = PBXBuildFile; fileRef = B3A856C72E2CEEE2003DB82F /* PrimaryView.swift */; };
		B3A856D62E2CEEE2003DB82F /* HelpPageView.swift in Sources */ = {isa = PBXBuildFile; fileRef = B3A856C12E2CEEE2003DB82F /* HelpPageView.swift */; };
		B3A856D72E2CEEE2003DB82F /* TutorialPageView.swift in Sources */ = {isa = PBXBuildFile; fileRef = B3A856CB2E2CEEE2003DB82F /* TutorialPageView.swift */; };
		B3A856D82E2CEEE2003DB82F /* BottomOverlayButtons.swift in Sources */ = {isa = PBXBuildFile; fileRef = B3A856BC2E2CEEE2003DB82F /* BottomOverlayButtons.swift */; };
		B3A856D92E2CEEE2003DB82F /* ProgressBarView.swift in Sources */ = {isa = PBXBuildFile; fileRef = B3A856C82E2CEEE2003DB82F /* ProgressBarView.swift */; };
		B3A856DA2E2CEEE2003DB82F /* ReconstructionPrimaryView.swift in Sources */ = {isa = PBXBuildFile; fileRef = B3A856C92E2CEEE2003DB82F /* ReconstructionPrimaryView.swift */; };
		B3A856DB2E2CEEE2003DB82F /* OnboardingButtonView.swift in Sources */ = {isa = PBXBuildFile; fileRef = B3A856C32E2CEEE2003DB82F /* OnboardingButtonView.swift */; };
		B3A856DC2E2CEEE2003DB82F /* TimedMessageList.swift in Sources */ = {isa = PBXBuildFile; fileRef = B3A856BA2E2CEEE2003DB82F /* TimedMessageList.swift */; };
		B3A856DD2E2CEEE2003DB82F /* OnboardingTutorialView.swift in Sources */ = {isa = PBXBuildFile; fileRef = B3A856C42E2CEEE2003DB82F /* OnboardingTutorialView.swift */; };
		B3A856DE2E2CEEE2003DB82F /* TutorialVideoView.swift in Sources */ = {isa = PBXBuildFile; fileRef = B3A856CC2E2CEEE2003DB82F /* TutorialVideoView.swift */; };
		B3A856DF2E2CEEE2003DB82F /* TopOverlayButtons.swift in Sources */ = {isa = PBXBuildFile; fileRef = B3A856CA2E2CEEE2003DB82F /* TopOverlayButtons.swift */; };
		B3A856E02E2CEEE2003DB82F /* OnboardingView.swift in Sources */ = {isa = PBXBuildFile; fileRef = B3A856C52E2CEEE2003DB82F /* OnboardingView.swift */; };
		B3A8571D2E2CF095003DB82F /* ScanPasses-iPad-FixedHeight-1.mp4 in Resources */ = {isa = PBXBuildFile; fileRef = B3A857102E2CF095003DB82F /* ScanPasses-iPad-FixedHeight-1.mp4 */; };
		B3A8571E2E2CF095003DB82F /* ScanPasses-iPad-FixedHeight-2.mp4 in Resources */ = {isa = PBXBuildFile; fileRef = B3A857112E2CF095003DB82F /* ScanPasses-iPad-FixedHeight-2.mp4 */; };
		B3A8571F2E2CF095003DB82F /* ScanPasses-iPad-FixedHeight-unflippable-low.mp4 in Resources */ = {isa = PBXBuildFile; fileRef = B3A857142E2CF095003DB82F /* ScanPasses-iPad-FixedHeight-unflippable-low.mp4 */; };
		B3A857202E2CF095003DB82F /* ScanPasses-iPad-FixedHeight-3.mp4 in Resources */ = {isa = PBXBuildFile; fileRef = B3A857122E2CF095003DB82F /* ScanPasses-iPad-FixedHeight-3.mp4 */; };
		B3A857212E2CF095003DB82F /* ScanTutorial-iPhone-Area.mp4 in Resources */ = {isa = PBXBuildFile; fileRef = B3A8571B2E2CF095003DB82F /* ScanTutorial-iPhone-Area.mp4 */; };
		B3A857222E2CF095003DB82F /* ScanPasses-iPhone-FixedHeight-unflippable-high.mp4 in Resources */ = {isa = PBXBuildFile; fileRef = B3A857182E2CF095003DB82F /* ScanPasses-iPhone-FixedHeight-unflippable-high.mp4 */; };
		B3A857232E2CF095003DB82F /* ScanPasses-iPhone-FixedHeight-unflippable-low.mp4 in Resources */ = {isa = PBXBuildFile; fileRef = B3A857192E2CF095003DB82F /* ScanPasses-iPhone-FixedHeight-unflippable-low.mp4 */; };
		B3A857242E2CF095003DB82F /* ScanPasses-iPhone-FixedHeight-1.mp4 in Resources */ = {isa = PBXBuildFile; fileRef = B3A857152E2CF095003DB82F /* ScanPasses-iPhone-FixedHeight-1.mp4 */; };
		B3A857252E2CF095003DB82F /* ScanPasses-iPad-FixedHeight-unflippable-high.mp4 in Resources */ = {isa = PBXBuildFile; fileRef = B3A857132E2CF095003DB82F /* ScanPasses-iPad-FixedHeight-unflippable-high.mp4 */; };
		B3A857262E2CF095003DB82F /* ScanPasses-iPhone-FixedHeight-2.mp4 in Resources */ = {isa = PBXBuildFile; fileRef = B3A857162E2CF095003DB82F /* ScanPasses-iPhone-FixedHeight-2.mp4 */; };
		B3A857272E2CF095003DB82F /* ScanTutorial-iPad-Area.mp4 in Resources */ = {isa = PBXBuildFile; fileRef = B3A8571A2E2CF095003DB82F /* ScanTutorial-iPad-Area.mp4 */; };
		B3A857282E2CF095003DB82F /* ScanPasses-iPhone-FixedHeight-3.mp4 in Resources */ = {isa = PBXBuildFile; fileRef = B3A857172E2CF095003DB82F /* ScanPasses-iPhone-FixedHeight-3.mp4 */; };
		B3ADBC042E2D6E95004F9342 /* LidarScanViewFactory.swift in Sources */ = {isa = PBXBuildFile; fileRef = B3A857292E2CF218003DB82F /* LidarScanViewFactory.swift */; };
		B3ADBC062E2D8DE4004F9342 /* LidarScanView.swift in Sources */ = {isa = PBXBuildFile; fileRef = B3ADBC052E2D8DD4004F9342 /* LidarScanView.swift */; };
/* End PBXBuildFile section */

/* Begin PBXContainerItemProxy section */
		331C8085294A63A400263BE5 /* PBXContainerItemProxy */ = {
			isa = PBXContainerItemProxy;
			containerPortal = 97C146E61CF9000F007C117D /* Project object */;
			proxyType = 1;
			remoteGlobalIDString = 97C146ED1CF9000F007C117D;
			remoteInfo = Runner;
		};
/* End PBXContainerItemProxy section */

/* Begin PBXCopyFilesBuildPhase section */
		9705A1C41CF9048500538489 /* Embed Frameworks */ = {
			isa = PBXCopyFilesBuildPhase;
			buildActionMask = 2147483647;
			dstPath = "";
			dstSubfolderSpec = 10;
			files = (
			);
			name = "Embed Frameworks";
			runOnlyForDeploymentPostprocessing = 0;
		};
/* End PBXCopyFilesBuildPhase section */

/* Begin PBXFileReference section */
		00C6D09025220F11A0369217 /* Pods-RunnerTests.release.xcconfig */ = {isa = PBXFileReference; includeInIndex = 1; lastKnownFileType = text.xcconfig; name = "Pods-RunnerTests.release.xcconfig"; path = "Target Support Files/Pods-RunnerTests/Pods-RunnerTests.release.xcconfig"; sourceTree = "<group>"; };
		0F7AB25D7C199AE1213CA9ED /* Pods-RunnerTests.profile.xcconfig */ = {isa = PBXFileReference; includeInIndex = 1; lastKnownFileType = text.xcconfig; name = "Pods-RunnerTests.profile.xcconfig"; path = "Target Support Files/Pods-RunnerTests/Pods-RunnerTests.profile.xcconfig"; sourceTree = "<group>"; };
		1498D2321E8E86230040F4C2 /* GeneratedPluginRegistrant.h */ = {isa = PBXFileReference; lastKnownFileType = sourcecode.c.h; path = GeneratedPluginRegistrant.h; sourceTree = "<group>"; };
		1498D2331E8E89220040F4C2 /* GeneratedPluginRegistrant.m */ = {isa = PBXFileReference; fileEncoding = 4; lastKnownFileType = sourcecode.c.objc; path = GeneratedPluginRegistrant.m; sourceTree = "<group>"; };
		1B472B03681E0418D4447FF9 /* Pods-Runner.debug.xcconfig */ = {isa = PBXFileReference; includeInIndex = 1; lastKnownFileType = text.xcconfig; name = "Pods-Runner.debug.xcconfig"; path = "Target Support Files/Pods-Runner/Pods-Runner.debug.xcconfig"; sourceTree = "<group>"; };
		2576DA55399318207796E173 /* Pods_Runner.framework */ = {isa = PBXFileReference; explicitFileType = wrapper.framework; includeInIndex = 0; path = Pods_Runner.framework; sourceTree = BUILT_PRODUCTS_DIR; };
		331C807B294A618700263BE5 /* RunnerTests.swift */ = {isa = PBXFileReference; lastKnownFileType = sourcecode.swift; path = RunnerTests.swift; sourceTree = "<group>"; };
		331C8081294A63A400263BE5 /* RunnerTests.xctest */ = {isa = PBXFileReference; explicitFileType = wrapper.cfbundle; includeInIndex = 0; path = RunnerTests.xctest; sourceTree = BUILT_PRODUCTS_DIR; };
		3B3967151E833CAA004F5970 /* AppFrameworkInfo.plist */ = {isa = PBXFileReference; fileEncoding = 4; lastKnownFileType = text.plist.xml; name = AppFrameworkInfo.plist; path = Flutter/AppFrameworkInfo.plist; sourceTree = "<group>"; };
		58ADC233F491D76B18666980 /* Pods-RunnerTests.debug.xcconfig */ = {isa = PBXFileReference; includeInIndex = 1; lastKnownFileType = text.xcconfig; name = "Pods-RunnerTests.debug.xcconfig"; path = "Target Support Files/Pods-RunnerTests/Pods-RunnerTests.debug.xcconfig"; sourceTree = "<group>"; };
		5B9055C466DAD32CBFEEEB2C /* Pods-Runner.release.xcconfig */ = {isa = PBXFileReference; includeInIndex = 1; lastKnownFileType = text.xcconfig; name = "Pods-Runner.release.xcconfig"; path = "Target Support Files/Pods-Runner/Pods-Runner.release.xcconfig"; sourceTree = "<group>"; };
		62431A9FE265C7E8CF43EBC0 /* Pods_RunnerTests.framework */ = {isa = PBXFileReference; explicitFileType = wrapper.framework; includeInIndex = 0; path = Pods_RunnerTests.framework; sourceTree = BUILT_PRODUCTS_DIR; };
		74858FAD1ED2DC5600515810 /* Runner-Bridging-Header.h */ = {isa = PBXFileReference; lastKnownFileType = sourcecode.c.h; path = "Runner-Bridging-Header.h"; sourceTree = "<group>"; };
		74858FAE1ED2DC5600515810 /* AppDelegate.swift */ = {isa = PBXFileReference; fileEncoding = 4; lastKnownFileType = sourcecode.swift; path = AppDelegate.swift; sourceTree = "<group>"; };
		7AFA3C8E1D35360C0083082E /* Release.xcconfig */ = {isa = PBXFileReference; lastKnownFileType = text.xcconfig; name = Release.xcconfig; path = Flutter/Release.xcconfig; sourceTree = "<group>"; };
		9740EEB21CF90195004384FC /* Debug.xcconfig */ = {isa = PBXFileReference; fileEncoding = 4; lastKnownFileType = text.xcconfig; name = Debug.xcconfig; path = Flutter/Debug.xcconfig; sourceTree = "<group>"; };
		9740EEB31CF90195004384FC /* Generated.xcconfig */ = {isa = PBXFileReference; fileEncoding = 4; lastKnownFileType = text.xcconfig; name = Generated.xcconfig; path = Flutter/Generated.xcconfig; sourceTree = "<group>"; };
		97C146EE1CF9000F007C117D /* Runner.app */ = {isa = PBXFileReference; explicitFileType = wrapper.application; includeInIndex = 0; path = Runner.app; sourceTree = BUILT_PRODUCTS_DIR; };
		97C146FB1CF9000F007C117D /* Base */ = {isa = PBXFileReference; lastKnownFileType = file.storyboard; name = Base; path = Base.lproj/Main.storyboard; sourceTree = "<group>"; };
		97C146FD1CF9000F007C117D /* Assets.xcassets */ = {isa = PBXFileReference; lastKnownFileType = folder.assetcatalog; path = Assets.xcassets; sourceTree = "<group>"; };
		97C147001CF9000F007C117D /* Base */ = {isa = PBXFileReference; lastKnownFileType = file.storyboard; name = Base; path = Base.lproj/LaunchScreen.storyboard; sourceTree = "<group>"; };
		97C147021CF9000F007C117D /* Info.plist */ = {isa = PBXFileReference; lastKnownFileType = text.plist.xml; path = Info.plist; sourceTree = "<group>"; };
		B3A856AA2E2CEE32003DB82F /* AppDataModel.swift */ = {isa = PBXFileReference; lastKnownFileType = sourcecode.swift; path = AppDataModel.swift; sourceTree = "<group>"; };
		B3A856AB2E2CEE32003DB82F /* AppDataModel+Orbit.swift */ = {isa = PBXFileReference; lastKnownFileType = sourcecode.swift; path = "AppDataModel+Orbit.swift"; sourceTree = "<group>"; };
		B3A856AE2E2CEE6C003DB82F /* CaptureFolderManager.swift */ = {isa = PBXFileReference; lastKnownFileType = sourcecode.swift; path = CaptureFolderManager.swift; sourceTree = "<group>"; };
		B3A856AF2E2CEE6C003DB82F /* FeedbackMessages.swift */ = {isa = PBXFileReference; lastKnownFileType = sourcecode.swift; path = FeedbackMessages.swift; sourceTree = "<group>"; };
		B3A856B02E2CEE6C003DB82F /* GuidedCaptureSampleApp.swift */ = {isa = PBXFileReference; lastKnownFileType = sourcecode.swift; path = GuidedCaptureSampleApp.swift; sourceTree = "<group>"; };
		B3A856B42E2CEEA2003DB82F /* OnboardingButtonView+LocalizedString.swift */ = {isa = PBXFileReference; lastKnownFileType = sourcecode.swift; path = "OnboardingButtonView+LocalizedString.swift"; sourceTree = "<group>"; };
		B3A856B52E2CEEA2003DB82F /* OnboardingStateMachine.swift */ = {isa = PBXFileReference; lastKnownFileType = sourcecode.swift; path = OnboardingStateMachine.swift; sourceTree = "<group>"; };
		B3A856B62E2CEEA2003DB82F /* OnboardingTutorialView+LocalizedString.swift */ = {isa = PBXFileReference; lastKnownFileType = sourcecode.swift; path = "OnboardingTutorialView+LocalizedString.swift"; sourceTree = "<group>"; };
		B3A856BA2E2CEEE2003DB82F /* TimedMessageList.swift */ = {isa = PBXFileReference; lastKnownFileType = sourcecode.swift; path = TimedMessageList.swift; sourceTree = "<group>"; };
		B3A856BB2E2CEEE2003DB82F /* UntilProcessingCompleteFilter.swift */ = {isa = PBXFileReference; lastKnownFileType = sourcecode.swift; path = UntilProcessingCompleteFilter.swift; sourceTree = "<group>"; };
		B3A856BC2E2CEEE2003DB82F /* BottomOverlayButtons.swift */ = {isa = PBXFileReference; lastKnownFileType = sourcecode.swift; path = BottomOverlayButtons.swift; sourceTree = "<group>"; };
		B3A856BD2E2CEEE2003DB82F /* CaptureOverlayView.swift */ = {isa = PBXFileReference; lastKnownFileType = sourcecode.swift; path = CaptureOverlayView.swift; sourceTree = "<group>"; };
		B3A856BE2E2CEEE2003DB82F /* CapturePrimaryView.swift */ = {isa = PBXFileReference; lastKnownFileType = sourcecode.swift; path = CapturePrimaryView.swift; sourceTree = "<group>"; };
		B3A856BF2E2CEEE2003DB82F /* ContentView.swift */ = {isa = PBXFileReference; lastKnownFileType = sourcecode.swift; path = ContentView.swift; sourceTree = "<group>"; };
		B3A856C02E2CEEE2003DB82F /* FeedbackView.swift */ = {isa = PBXFileReference; lastKnownFileType = sourcecode.swift; path = FeedbackView.swift; sourceTree = "<group>"; };
		B3A856C12E2CEEE2003DB82F /* HelpPageView.swift */ = {isa = PBXFileReference; lastKnownFileType = sourcecode.swift; path = HelpPageView.swift; sourceTree = "<group>"; };
		B3A856C22E2CEEE2003DB82F /* ModelView.swift */ = {isa = PBXFileReference; lastKnownFileType = sourcecode.swift; path = ModelView.swift; sourceTree = "<group>"; };
		B3A856C32E2CEEE2003DB82F /* OnboardingButtonView.swift */ = {isa = PBXFileReference; lastKnownFileType = sourcecode.swift; path = OnboardingButtonView.swift; sourceTree = "<group>"; };
		B3A856C42E2CEEE2003DB82F /* OnboardingTutorialView.swift */ = {isa = PBXFileReference; lastKnownFileType = sourcecode.swift; path = OnboardingTutorialView.swift; sourceTree = "<group>"; };
		B3A856C52E2CEEE2003DB82F /* OnboardingView.swift */ = {isa = PBXFileReference; lastKnownFileType = sourcecode.swift; path = OnboardingView.swift; sourceTree = "<group>"; };
		B3A856C62E2CEEE2003DB82F /* PlayerView.swift */ = {isa = PBXFileReference; lastKnownFileType = sourcecode.swift; path = PlayerView.swift; sourceTree = "<group>"; };
		B3A856C72E2CEEE2003DB82F /* PrimaryView.swift */ = {isa = PBXFileReference; lastKnownFileType = sourcecode.swift; path = PrimaryView.swift; sourceTree = "<group>"; };
		B3A856C82E2CEEE2003DB82F /* ProgressBarView.swift */ = {isa = PBXFileReference; lastKnownFileType = sourcecode.swift; path = ProgressBarView.swift; sourceTree = "<group>"; };
		B3A856C92E2CEEE2003DB82F /* ReconstructionPrimaryView.swift */ = {isa = PBXFileReference; lastKnownFileType = sourcecode.swift; path = ReconstructionPrimaryView.swift; sourceTree = "<group>"; };
		B3A856CA2E2CEEE2003DB82F /* TopOverlayButtons.swift */ = {isa = PBXFileReference; lastKnownFileType = sourcecode.swift; path = TopOverlayButtons.swift; sourceTree = "<group>"; };
		B3A856CB2E2CEEE2003DB82F /* TutorialPageView.swift */ = {isa = PBXFileReference; lastKnownFileType = sourcecode.swift; path = TutorialPageView.swift; sourceTree = "<group>"; };
		B3A856CC2E2CEEE2003DB82F /* TutorialVideoView.swift */ = {isa = PBXFileReference; lastKnownFileType = sourcecode.swift; path = TutorialVideoView.swift; sourceTree = "<group>"; };
		B3A857102E2CF095003DB82F /* ScanPasses-iPad-FixedHeight-1.mp4 */ = {isa = PBXFileReference; lastKnownFileType = file; path = "ScanPasses-iPad-FixedHeight-1.mp4"; sourceTree = "<group>"; };
		B3A857112E2CF095003DB82F /* ScanPasses-iPad-FixedHeight-2.mp4 */ = {isa = PBXFileReference; lastKnownFileType = file; path = "ScanPasses-iPad-FixedHeight-2.mp4"; sourceTree = "<group>"; };
		B3A857122E2CF095003DB82F /* ScanPasses-iPad-FixedHeight-3.mp4 */ = {isa = PBXFileReference; lastKnownFileType = file; path = "ScanPasses-iPad-FixedHeight-3.mp4"; sourceTree = "<group>"; };
		B3A857132E2CF095003DB82F /* ScanPasses-iPad-FixedHeight-unflippable-high.mp4 */ = {isa = PBXFileReference; lastKnownFileType = file; path = "ScanPasses-iPad-FixedHeight-unflippable-high.mp4"; sourceTree = "<group>"; };
		B3A857142E2CF095003DB82F /* ScanPasses-iPad-FixedHeight-unflippable-low.mp4 */ = {isa = PBXFileReference; lastKnownFileType = file; path = "ScanPasses-iPad-FixedHeight-unflippable-low.mp4"; sourceTree = "<group>"; };
		B3A857152E2CF095003DB82F /* ScanPasses-iPhone-FixedHeight-1.mp4 */ = {isa = PBXFileReference; lastKnownFileType = file; path = "ScanPasses-iPhone-FixedHeight-1.mp4"; sourceTree = "<group>"; };
		B3A857162E2CF095003DB82F /* ScanPasses-iPhone-FixedHeight-2.mp4 */ = {isa = PBXFileReference; lastKnownFileType = file; path = "ScanPasses-iPhone-FixedHeight-2.mp4"; sourceTree = "<group>"; };
		B3A857172E2CF095003DB82F /* ScanPasses-iPhone-FixedHeight-3.mp4 */ = {isa = PBXFileReference; lastKnownFileType = file; path = "ScanPasses-iPhone-FixedHeight-3.mp4"; sourceTree = "<group>"; };
		B3A857182E2CF095003DB82F /* ScanPasses-iPhone-FixedHeight-unflippable-high.mp4 */ = {isa = PBXFileReference; lastKnownFileType = file; path = "ScanPasses-iPhone-FixedHeight-unflippable-high.mp4"; sourceTree = "<group>"; };
		B3A857192E2CF095003DB82F /* ScanPasses-iPhone-FixedHeight-unflippable-low.mp4 */ = {isa = PBXFileReference; lastKnownFileType = file; path = "ScanPasses-iPhone-FixedHeight-unflippable-low.mp4"; sourceTree = "<group>"; };
		B3A8571A2E2CF095003DB82F /* ScanTutorial-iPad-Area.mp4 */ = {isa = PBXFileReference; lastKnownFileType = file; path = "ScanTutorial-iPad-Area.mp4"; sourceTree = "<group>"; };
		B3A8571B2E2CF095003DB82F /* ScanTutorial-iPhone-Area.mp4 */ = {isa = PBXFileReference; lastKnownFileType = file; path = "ScanTutorial-iPhone-Area.mp4"; sourceTree = "<group>"; };
		B3A857292E2CF218003DB82F /* LidarScanViewFactory.swift */ = {isa = PBXFileReference; lastKnownFileType = sourcecode.swift; path = LidarScanViewFactory.swift; sourceTree = "<group>"; };
		B3ADBC052E2D8DD4004F9342 /* LidarScanView.swift */ = {isa = PBXFileReference; lastKnownFileType = sourcecode.swift; path = LidarScanView.swift; sourceTree = "<group>"; };
		D5376A2CE77A706E6669F248 /* Pods-Runner.profile.xcconfig */ = {isa = PBXFileReference; includeInIndex = 1; lastKnownFileType = text.xcconfig; name = "Pods-Runner.profile.xcconfig"; path = "Target Support Files/Pods-Runner/Pods-Runner.profile.xcconfig"; sourceTree = "<group>"; };
/* End PBXFileReference section */

/* Begin PBXFrameworksBuildPhase section */
		97C146EB1CF9000F007C117D /* Frameworks */ = {
			isa = PBXFrameworksBuildPhase;
			buildActionMask = 2147483647;
			files = (
				0665639F1BC0BAB0C5983A5C /* Pods_Runner.framework in Frameworks */,
			);
			runOnlyForDeploymentPostprocessing = 0;
		};
		AF702CBCBDE1147D14636158 /* Frameworks */ = {
			isa = PBXFrameworksBuildPhase;
			buildActionMask = 2147483647;
			files = (
				7B7067BCE9FA33DCF58B7AD1 /* Pods_RunnerTests.framework in Frameworks */,
			);
			runOnlyForDeploymentPostprocessing = 0;
		};
/* End PBXFrameworksBuildPhase section */

/* Begin PBXGroup section */
		331C8082294A63A400263BE5 /* RunnerTests */ = {
			isa = PBXGroup;
			children = (
				331C807B294A618700263BE5 /* RunnerTests.swift */,
			);
			path = RunnerTests;
			sourceTree = "<group>";
		};
		9740EEB11CF90186004384FC /* Flutter */ = {
			isa = PBXGroup;
			children = (
				3B3967151E833CAA004F5970 /* AppFrameworkInfo.plist */,
				9740EEB21CF90195004384FC /* Debug.xcconfig */,
				7AFA3C8E1D35360C0083082E /* Release.xcconfig */,
				9740EEB31CF90195004384FC /* Generated.xcconfig */,
			);
			name = Flutter;
			sourceTree = "<group>";
		};
		97C146E51CF9000F007C117D = {
			isa = PBXGroup;
			children = (
				9740EEB11CF90186004384FC /* Flutter */,
				97C146F01CF9000F007C117D /* Runner */,
				97C146EF1CF9000F007C117D /* Products */,
				331C8082294A63A400263BE5 /* RunnerTests */,
				C2755D5D59A252A52CFABE0C /* Pods */,
				9825CF2C0A53D0CC8502687F /* Frameworks */,
			);
			sourceTree = "<group>";
		};
		97C146EF1CF9000F007C117D /* Products */ = {
			isa = PBXGroup;
			children = (
				97C146EE1CF9000F007C117D /* Runner.app */,
				331C8081294A63A400263BE5 /* RunnerTests.xctest */,
			);
			name = Products;
			sourceTree = "<group>";
		};
		97C146F01CF9000F007C117D /* Runner */ = {
			isa = PBXGroup;
			children = (
				B3ADBC052E2D8DD4004F9342 /* LidarScanView.swift */,
				B3A857292E2CF218003DB82F /* LidarScanViewFactory.swift */,
				B3A8571C2E2CF095003DB82F /* Resources */,
				B3A856BA2E2CEEE2003DB82F /* TimedMessageList.swift */,
				B3A856BB2E2CEEE2003DB82F /* UntilProcessingCompleteFilter.swift */,
				B3A856CD2E2CEEE2003DB82F /* Views */,
				B3A856B42E2CEEA2003DB82F /* OnboardingButtonView+LocalizedString.swift */,
				B3A856B52E2CEEA2003DB82F /* OnboardingStateMachine.swift */,
				B3A856B62E2CEEA2003DB82F /* OnboardingTutorialView+LocalizedString.swift */,
				B3A856AE2E2CEE6C003DB82F /* CaptureFolderManager.swift */,
				B3A856AF2E2CEE6C003DB82F /* FeedbackMessages.swift */,
				B3A856B02E2CEE6C003DB82F /* GuidedCaptureSampleApp.swift */,
				B3A856AA2E2CEE32003DB82F /* AppDataModel.swift */,
				B3A856AB2E2CEE32003DB82F /* AppDataModel+Orbit.swift */,
				97C146FA1CF9000F007C117D /* Main.storyboard */,
				97C146FD1CF9000F007C117D /* Assets.xcassets */,
				97C146FF1CF9000F007C117D /* LaunchScreen.storyboard */,
				97C147021CF9000F007C117D /* Info.plist */,
				1498D2321E8E86230040F4C2 /* GeneratedPluginRegistrant.h */,
				1498D2331E8E89220040F4C2 /* GeneratedPluginRegistrant.m */,
				74858FAE1ED2DC5600515810 /* AppDelegate.swift */,
				74858FAD1ED2DC5600515810 /* Runner-Bridging-Header.h */,
			);
			path = Runner;
			sourceTree = "<group>";
		};
		9825CF2C0A53D0CC8502687F /* Frameworks */ = {
			isa = PBXGroup;
			children = (
				2576DA55399318207796E173 /* Pods_Runner.framework */,
				62431A9FE265C7E8CF43EBC0 /* Pods_RunnerTests.framework */,
			);
			name = Frameworks;
			sourceTree = "<group>";
		};
		B3A856CD2E2CEEE2003DB82F /* Views */ = {
			isa = PBXGroup;
			children = (
				B3A856BC2E2CEEE2003DB82F /* BottomOverlayButtons.swift */,
				B3A856BD2E2CEEE2003DB82F /* CaptureOverlayView.swift */,
				B3A856BE2E2CEEE2003DB82F /* CapturePrimaryView.swift */,
				B3A856BF2E2CEEE2003DB82F /* ContentView.swift */,
				B3A856C02E2CEEE2003DB82F /* FeedbackView.swift */,
				B3A856C12E2CEEE2003DB82F /* HelpPageView.swift */,
				B3A856C22E2CEEE2003DB82F /* ModelView.swift */,
				B3A856C32E2CEEE2003DB82F /* OnboardingButtonView.swift */,
				B3A856C42E2CEEE2003DB82F /* OnboardingTutorialView.swift */,
				B3A856C52E2CEEE2003DB82F /* OnboardingView.swift */,
				B3A856C62E2CEEE2003DB82F /* PlayerView.swift */,
				B3A856C72E2CEEE2003DB82F /* PrimaryView.swift */,
				B3A856C82E2CEEE2003DB82F /* ProgressBarView.swift */,
				B3A856C92E2CEEE2003DB82F /* ReconstructionPrimaryView.swift */,
				B3A856CA2E2CEEE2003DB82F /* TopOverlayButtons.swift */,
				B3A856CB2E2CEEE2003DB82F /* TutorialPageView.swift */,
				B3A856CC2E2CEEE2003DB82F /* TutorialVideoView.swift */,
			);
			path = Views;
			sourceTree = "<group>";
		};
		B3A8571C2E2CF095003DB82F /* Resources */ = {
			isa = PBXGroup;
			children = (
				B3A857102E2CF095003DB82F /* ScanPasses-iPad-FixedHeight-1.mp4 */,
				B3A857112E2CF095003DB82F /* ScanPasses-iPad-FixedHeight-2.mp4 */,
				B3A857122E2CF095003DB82F /* ScanPasses-iPad-FixedHeight-3.mp4 */,
				B3A857132E2CF095003DB82F /* ScanPasses-iPad-FixedHeight-unflippable-high.mp4 */,
				B3A857142E2CF095003DB82F /* ScanPasses-iPad-FixedHeight-unflippable-low.mp4 */,
				B3A857152E2CF095003DB82F /* ScanPasses-iPhone-FixedHeight-1.mp4 */,
				B3A857162E2CF095003DB82F /* ScanPasses-iPhone-FixedHeight-2.mp4 */,
				B3A857172E2CF095003DB82F /* ScanPasses-iPhone-FixedHeight-3.mp4 */,
				B3A857182E2CF095003DB82F /* ScanPasses-iPhone-FixedHeight-unflippable-high.mp4 */,
				B3A857192E2CF095003DB82F /* ScanPasses-iPhone-FixedHeight-unflippable-low.mp4 */,
				B3A8571A2E2CF095003DB82F /* ScanTutorial-iPad-Area.mp4 */,
				B3A8571B2E2CF095003DB82F /* ScanTutorial-iPhone-Area.mp4 */,
			);
			path = Resources;
			sourceTree = "<group>";
		};
		C2755D5D59A252A52CFABE0C /* Pods */ = {
			isa = PBXGroup;
			children = (
				1B472B03681E0418D4447FF9 /* Pods-Runner.debug.xcconfig */,
				5B9055C466DAD32CBFEEEB2C /* Pods-Runner.release.xcconfig */,
				D5376A2CE77A706E6669F248 /* Pods-Runner.profile.xcconfig */,
				58ADC233F491D76B18666980 /* Pods-RunnerTests.debug.xcconfig */,
				00C6D09025220F11A0369217 /* Pods-RunnerTests.release.xcconfig */,
				0F7AB25D7C199AE1213CA9ED /* Pods-RunnerTests.profile.xcconfig */,
			);
			path = Pods;
			sourceTree = "<group>";
		};
/* End PBXGroup section */

/* Begin PBXNativeTarget section */
		331C8080294A63A400263BE5 /* RunnerTests */ = {
			isa = PBXNativeTarget;
			buildConfigurationList = 331C8087294A63A400263BE5 /* Build configuration list for PBXNativeTarget "RunnerTests" */;
			buildPhases = (
				7A3DB7A77A662EDF25BDA35A /* [CP] Check Pods Manifest.lock */,
				331C807D294A63A400263BE5 /* Sources */,
				331C807F294A63A400263BE5 /* Resources */,
				AF702CBCBDE1147D14636158 /* Frameworks */,
			);
			buildRules = (
			);
			dependencies = (
				331C8086294A63A400263BE5 /* PBXTargetDependency */,
			);
			name = RunnerTests;
			productName = RunnerTests;
			productReference = 331C8081294A63A400263BE5 /* RunnerTests.xctest */;
			productType = "com.apple.product-type.bundle.unit-test";
		};
		97C146ED1CF9000F007C117D /* Runner */ = {
			isa = PBXNativeTarget;
			buildConfigurationList = 97C147051CF9000F007C117D /* Build configuration list for PBXNativeTarget "Runner" */;
			buildPhases = (
				9539A09AF834850EEBC18811 /* [CP] Check Pods Manifest.lock */,
				9740EEB61CF901F6004384FC /* Run Script */,
				97C146EA1CF9000F007C117D /* Sources */,
				97C146EB1CF9000F007C117D /* Frameworks */,
				97C146EC1CF9000F007C117D /* Resources */,
				9705A1C41CF9048500538489 /* Embed Frameworks */,
				3B06AD1E1E4923F5004D2608 /* Thin Binary */,
				A9FC8C3FBC3F323229CC118B /* [CP] Embed Pods Frameworks */,
			);
			buildRules = (
			);
			dependencies = (
			);
			name = Runner;
			productName = Runner;
			productReference = 97C146EE1CF9000F007C117D /* Runner.app */;
			productType = "com.apple.product-type.application";
		};
/* End PBXNativeTarget section */

/* Begin PBXProject section */
		97C146E61CF9000F007C117D /* Project object */ = {
			isa = PBXProject;
			attributes = {
				BuildIndependentTargetsInParallel = YES;
				LastUpgradeCheck = 1510;
				ORGANIZATIONNAME = "";
				TargetAttributes = {
					331C8080294A63A400263BE5 = {
						CreatedOnToolsVersion = 14.0;
						TestTargetID = 97C146ED1CF9000F007C117D;
					};
					97C146ED1CF9000F007C117D = {
						CreatedOnToolsVersion = 7.3.1;
						LastSwiftMigration = 1100;
					};
				};
			};
			buildConfigurationList = 97C146E91CF9000F007C117D /* Build configuration list for PBXProject "Runner" */;
			compatibilityVersion = "Xcode 9.3";
			developmentRegion = en;
			hasScannedForEncodings = 0;
			knownRegions = (
				en,
				Base,
			);
			mainGroup = 97C146E51CF9000F007C117D;
			productRefGroup = 97C146EF1CF9000F007C117D /* Products */;
			projectDirPath = "";
			projectRoot = "";
			targets = (
				97C146ED1CF9000F007C117D /* Runner */,
				331C8080294A63A400263BE5 /* RunnerTests */,
			);
		};
/* End PBXProject section */

/* Begin PBXResourcesBuildPhase section */
		331C807F294A63A400263BE5 /* Resources */ = {
			isa = PBXResourcesBuildPhase;
			buildActionMask = 2147483647;
			files = (
			);
			runOnlyForDeploymentPostprocessing = 0;
		};
		97C146EC1CF9000F007C117D /* Resources */ = {
			isa = PBXResourcesBuildPhase;
			buildActionMask = 2147483647;
			files = (
				97C147011CF9000F007C117D /* LaunchScreen.storyboard in Resources */,
				3B3967161E833CAA004F5970 /* AppFrameworkInfo.plist in Resources */,
				97C146FE1CF9000F007C117D /* Assets.xcassets in Resources */,
				B3A8571D2E2CF095003DB82F /* ScanPasses-iPad-FixedHeight-1.mp4 in Resources */,
				B3A8571E2E2CF095003DB82F /* ScanPasses-iPad-FixedHeight-2.mp4 in Resources */,
				B3A8571F2E2CF095003DB82F /* ScanPasses-iPad-FixedHeight-unflippable-low.mp4 in Resources */,
				B3A857202E2CF095003DB82F /* ScanPasses-iPad-FixedHeight-3.mp4 in Resources */,
				B3A857212E2CF095003DB82F /* ScanTutorial-iPhone-Area.mp4 in Resources */,
				B3A857222E2CF095003DB82F /* ScanPasses-iPhone-FixedHeight-unflippable-high.mp4 in Resources */,
				B3A857232E2CF095003DB82F /* ScanPasses-iPhone-FixedHeight-unflippable-low.mp4 in Resources */,
				B3A857242E2CF095003DB82F /* ScanPasses-iPhone-FixedHeight-1.mp4 in Resources */,
				B3A857252E2CF095003DB82F /* ScanPasses-iPad-FixedHeight-unflippable-high.mp4 in Resources */,
				B3A857262E2CF095003DB82F /* ScanPasses-iPhone-FixedHeight-2.mp4 in Resources */,
				B3A857272E2CF095003DB82F /* ScanTutorial-iPad-Area.mp4 in Resources */,
				B3A857282E2CF095003DB82F /* ScanPasses-iPhone-FixedHeight-3.mp4 in Resources */,
				97C146FC1CF9000F007C117D /* Main.storyboard in Resources */,
			);
			runOnlyForDeploymentPostprocessing = 0;
		};
/* End PBXResourcesBuildPhase section */

/* Begin PBXShellScriptBuildPhase section */
		3B06AD1E1E4923F5004D2608 /* Thin Binary */ = {
			isa = PBXShellScriptBuildPhase;
			alwaysOutOfDate = 1;
			buildActionMask = 2147483647;
			files = (
			);
			inputPaths = (
				"${TARGET_BUILD_DIR}/${INFOPLIST_PATH}",
			);
			name = "Thin Binary";
			outputPaths = (
			);
			runOnlyForDeploymentPostprocessing = 0;
			shellPath = /bin/sh;
			shellScript = "/bin/sh \"$FLUTTER_ROOT/packages/flutter_tools/bin/xcode_backend.sh\" embed_and_thin\n";
		};
		7A3DB7A77A662EDF25BDA35A /* [CP] Check Pods Manifest.lock */ = {
			isa = PBXShellScriptBuildPhase;
			buildActionMask = 2147483647;
			files = (
			);
			inputFileListPaths = (
			);
			inputPaths = (
				"${PODS_PODFILE_DIR_PATH}/Podfile.lock",
				"${PODS_ROOT}/Manifest.lock",
			);
			name = "[CP] Check Pods Manifest.lock";
			outputFileListPaths = (
			);
			outputPaths = (
				"$(DERIVED_FILE_DIR)/Pods-RunnerTests-checkManifestLockResult.txt",
			);
			runOnlyForDeploymentPostprocessing = 0;
			shellPath = /bin/sh;
			shellScript = "diff \"${PODS_PODFILE_DIR_PATH}/Podfile.lock\" \"${PODS_ROOT}/Manifest.lock\" > /dev/null\nif [ $? != 0 ] ; then\n    # print error to STDERR\n    echo \"error: The sandbox is not in sync with the Podfile.lock. Run 'pod install' or update your CocoaPods installation.\" >&2\n    exit 1\nfi\n# This output is used by Xcode 'outputs' to avoid re-running this script phase.\necho \"SUCCESS\" > \"${SCRIPT_OUTPUT_FILE_0}\"\n";
			showEnvVarsInLog = 0;
		};
		9539A09AF834850EEBC18811 /* [CP] Check Pods Manifest.lock */ = {
			isa = PBXShellScriptBuildPhase;
			buildActionMask = 2147483647;
			files = (
			);
			inputFileListPaths = (
			);
			inputPaths = (
				"${PODS_PODFILE_DIR_PATH}/Podfile.lock",
				"${PODS_ROOT}/Manifest.lock",
			);
			name = "[CP] Check Pods Manifest.lock";
			outputFileListPaths = (
			);
			outputPaths = (
				"$(DERIVED_FILE_DIR)/Pods-Runner-checkManifestLockResult.txt",
			);
			runOnlyForDeploymentPostprocessing = 0;
			shellPath = /bin/sh;
			shellScript = "diff \"${PODS_PODFILE_DIR_PATH}/Podfile.lock\" \"${PODS_ROOT}/Manifest.lock\" > /dev/null\nif [ $? != 0 ] ; then\n    # print error to STDERR\n    echo \"error: The sandbox is not in sync with the Podfile.lock. Run 'pod install' or update your CocoaPods installation.\" >&2\n    exit 1\nfi\n# This output is used by Xcode 'outputs' to avoid re-running this script phase.\necho \"SUCCESS\" > \"${SCRIPT_OUTPUT_FILE_0}\"\n";
			showEnvVarsInLog = 0;
		};
		9740EEB61CF901F6004384FC /* Run Script */ = {
			isa = PBXShellScriptBuildPhase;
			alwaysOutOfDate = 1;
			buildActionMask = 2147483647;
			files = (
			);
			inputPaths = (
			);
			name = "Run Script";
			outputPaths = (
			);
			runOnlyForDeploymentPostprocessing = 0;
			shellPath = /bin/sh;
			shellScript = "/bin/sh \"$FLUTTER_ROOT/packages/flutter_tools/bin/xcode_backend.sh\" build\n/bin/sh \"$FLUTTER_ROOT/packages/flutter_tools/bin/xcode_backend.sh\" embed\n";
		};
		A9FC8C3FBC3F323229CC118B /* [CP] Embed Pods Frameworks */ = {
			isa = PBXShellScriptBuildPhase;
			buildActionMask = 2147483647;
			files = (
			);
			inputFileListPaths = (
				"${PODS_ROOT}/Target Support Files/Pods-Runner/Pods-Runner-frameworks-${CONFIGURATION}-input-files.xcfilelist",
			);
			name = "[CP] Embed Pods Frameworks";
			outputFileListPaths = (
				"${PODS_ROOT}/Target Support Files/Pods-Runner/Pods-Runner-frameworks-${CONFIGURATION}-output-files.xcfilelist",
			);
			runOnlyForDeploymentPostprocessing = 0;
			shellPath = /bin/sh;
			shellScript = "\"${PODS_ROOT}/Target Support Files/Pods-Runner/Pods-Runner-frameworks.sh\"\n";
			showEnvVarsInLog = 0;
		};
/* End PBXShellScriptBuildPhase section */

/* Begin PBXSourcesBuildPhase section */
		331C807D294A63A400263BE5 /* Sources */ = {
			isa = PBXSourcesBuildPhase;
			buildActionMask = 2147483647;
			files = (
				331C808B294A63AB00263BE5 /* RunnerTests.swift in Sources */,
			);
			runOnlyForDeploymentPostprocessing = 0;
		};
		97C146EA1CF9000F007C117D /* Sources */ = {
			isa = PBXSourcesBuildPhase;
			buildActionMask = 2147483647;
			files = (
				B3ADBC062E2D8DE4004F9342 /* LidarScanView.swift in Sources */,
				B3ADBC042E2D6E95004F9342 /* LidarScanViewFactory.swift in Sources */,
				74858FAF1ED2DC5600515810 /* AppDelegate.swift in Sources */,
				B3A856B12E2CEE6C003DB82F /* FeedbackMessages.swift in Sources */,
				B3A856B72E2CEEA2003DB82F /* OnboardingButtonView+LocalizedString.swift in Sources */,
				B3A856B82E2CEEA2003DB82F /* OnboardingStateMachine.swift in Sources */,
				B3A856B92E2CEEA2003DB82F /* OnboardingTutorialView+LocalizedString.swift in Sources */,
				B3A856CE2E2CEEE2003DB82F /* CapturePrimaryView.swift in Sources */,
				B3A856CF2E2CEEE2003DB82F /* ModelView.swift in Sources */,
				B3A856D02E2CEEE2003DB82F /* PlayerView.swift in Sources */,
				B3A856D12E2CEEE2003DB82F /* CaptureOverlayView.swift in Sources */,
				B3A856D22E2CEEE2003DB82F /* ContentView.swift in Sources */,
				B3A856D32E2CEEE2003DB82F /* FeedbackView.swift in Sources */,
				B3A856D42E2CEEE2003DB82F /* UntilProcessingCompleteFilter.swift in Sources */,
				B3A856D52E2CEEE2003DB82F /* PrimaryView.swift in Sources */,
				B3A856D62E2CEEE2003DB82F /* HelpPageView.swift in Sources */,
				B3A856D72E2CEEE2003DB82F /* TutorialPageView.swift in Sources */,
				B3A856D82E2CEEE2003DB82F /* BottomOverlayButtons.swift in Sources */,
				B3A856D92E2CEEE2003DB82F /* ProgressBarView.swift in Sources */,
				B3A856DA2E2CEEE2003DB82F /* ReconstructionPrimaryView.swift in Sources */,
				B3A856DB2E2CEEE2003DB82F /* OnboardingButtonView.swift in Sources */,
				B3A856DC2E2CEEE2003DB82F /* TimedMessageList.swift in Sources */,
				B3A856DD2E2CEEE2003DB82F /* OnboardingTutorialView.swift in Sources */,
				B3A856DE2E2CEEE2003DB82F /* TutorialVideoView.swift in Sources */,
				B3A856DF2E2CEEE2003DB82F /* TopOverlayButtons.swift in Sources */,
				B3A856E02E2CEEE2003DB82F /* OnboardingView.swift in Sources */,
				B3A856B22E2CEE6C003DB82F /* GuidedCaptureSampleApp.swift in Sources */,
				B3A856B32E2CEE6C003DB82F /* CaptureFolderManager.swift in Sources */,
				1498D2341E8E89220040F4C2 /* GeneratedPluginRegistrant.m in Sources */,
				B3A856AC2E2CEE32003DB82F /* AppDataModel+Orbit.swift in Sources */,
				B3A856AD2E2CEE32003DB82F /* AppDataModel.swift in Sources */,
			);
			runOnlyForDeploymentPostprocessing = 0;
		};
/* End PBXSourcesBuildPhase section */

/* Begin PBXTargetDependency section */
		331C8086294A63A400263BE5 /* PBXTargetDependency */ = {
			isa = PBXTargetDependency;
			target = 97C146ED1CF9000F007C117D /* Runner */;
			targetProxy = 331C8085294A63A400263BE5 /* PBXContainerItemProxy */;
		};
/* End PBXTargetDependency section */

/* Begin PBXVariantGroup section */
		97C146FA1CF9000F007C117D /* Main.storyboard */ = {
			isa = PBXVariantGroup;
			children = (
				97C146FB1CF9000F007C117D /* Base */,
			);
			name = Main.storyboard;
			sourceTree = "<group>";
		};
		97C146FF1CF9000F007C117D /* LaunchScreen.storyboard */ = {
			isa = PBXVariantGroup;
			children = (
				97C147001CF9000F007C117D /* Base */,
			);
			name = LaunchScreen.storyboard;
			sourceTree = "<group>";
		};
/* End PBXVariantGroup section */

/* Begin XCBuildConfiguration section */
		249021D3217E4FDB00AE95B9 /* Profile */ = {
			isa = XCBuildConfiguration;
			buildSettings = {
				ALWAYS_SEARCH_USER_PATHS = NO;
				ASSETCATALOG_COMPILER_GENERATE_SWIFT_ASSET_SYMBOL_EXTENSIONS = YES;
				CLANG_ANALYZER_NONNULL = YES;
				CLANG_CXX_LANGUAGE_STANDARD = "gnu++0x";
				CLANG_CXX_LIBRARY = "libc++";
				CLANG_ENABLE_MODULES = YES;
				CLANG_ENABLE_OBJC_ARC = YES;
				CLANG_WARN_BLOCK_CAPTURE_AUTORELEASING = YES;
				CLANG_WARN_BOOL_CONVERSION = YES;
				CLANG_WARN_COMMA = YES;
				CLANG_WARN_CONSTANT_CONVERSION = YES;
				CLANG_WARN_DEPRECATED_OBJC_IMPLEMENTATIONS = YES;
				CLANG_WARN_DIRECT_OBJC_ISA_USAGE = YES_ERROR;
				CLANG_WARN_EMPTY_BODY = YES;
				CLANG_WARN_ENUM_CONVERSION = YES;
				CLANG_WARN_INFINITE_RECURSION = YES;
				CLANG_WARN_INT_CONVERSION = YES;
				CLANG_WARN_NON_LITERAL_NULL_CONVERSION = YES;
				CLANG_WARN_OBJC_IMPLICIT_RETAIN_SELF = YES;
				CLANG_WARN_OBJC_LITERAL_CONVERSION = YES;
				CLANG_WARN_OBJC_ROOT_CLASS = YES_ERROR;
				CLANG_WARN_QUOTED_INCLUDE_IN_FRAMEWORK_HEADER = YES;
				CLANG_WARN_RANGE_LOOP_ANALYSIS = YES;
				CLANG_WARN_STRICT_PROTOTYPES = YES;
				CLANG_WARN_SUSPICIOUS_MOVE = YES;
				CLANG_WARN_UNREACHABLE_CODE = YES;
				CLANG_WARN__DUPLICATE_METHOD_MATCH = YES;
				"CODE_SIGN_IDENTITY[sdk=iphoneos*]" = "iPhone Developer";
				COPY_PHASE_STRIP = NO;
				DEBUG_INFORMATION_FORMAT = "dwarf-with-dsym";
				ENABLE_NS_ASSERTIONS = NO;
				ENABLE_STRICT_OBJC_MSGSEND = YES;
				ENABLE_USER_SCRIPT_SANDBOXING = NO;
				FLUTTER_ROOT = /Users/hena/Downloads/flutter;
				GCC_C_LANGUAGE_STANDARD = gnu99;
				GCC_NO_COMMON_BLOCKS = YES;
				GCC_WARN_64_TO_32_BIT_CONVERSION = YES;
				GCC_WARN_ABOUT_RETURN_TYPE = YES_ERROR;
				GCC_WARN_UNDECLARED_SELECTOR = YES;
				GCC_WARN_UNINITIALIZED_AUTOS = YES_AGGRESSIVE;
				GCC_WARN_UNUSED_FUNCTION = YES;
				GCC_WARN_UNUSED_VARIABLE = YES;
				IPHONEOS_DEPLOYMENT_TARGET = 12.0;
				MTL_ENABLE_DEBUG_INFO = NO;
				SDKROOT = iphoneos;
				SUPPORTED_PLATFORMS = iphoneos;
				TARGETED_DEVICE_FAMILY = "1,2";
				VALIDATE_PRODUCT = YES;
			};
			name = Profile;
		};
		249021D4217E4FDB00AE95B9 /* Profile */ = {
			isa = XCBuildConfiguration;
			baseConfigurationReference = D5376A2CE77A706E6669F248 /* Pods-Runner.profile.xcconfig */;
			buildSettings = {
				ASSETCATALOG_COMPILER_APPICON_NAME = AppIcon;
				CLANG_ENABLE_MODULES = YES;
				CURRENT_PROJECT_VERSION = "$(FLUTTER_BUILD_NUMBER)";
				DEVELOPMENT_TEAM = QH8QYB75N7;
				ENABLE_BITCODE = NO;
				FLUTTER_APPLICATION_PATH = /Users/hena/Documents/Sizemet_App;
				FLUTTER_BUILD_DIR = "${SRCROOT}/ .symlinks/flutter";
				FLUTTER_ROOT = /Users/hena/Downloads/flutter;
				FRAMEWORK_SEARCH_PATHS = (
					"$(inherited)",
					"$(PROJECT_DIR)/Flutter/**",
					"$(PROJECT_DIR)/Pods",
					"$(PROJECT_DIR)/Flutter/ephemeral/**",
					"$(BUILD_DIR)/Profile-iphoneos/body_capture_plugin",
					"$(BUILD_DIR)/Debug-iphoneos/body_capture_plugin",
					"$(BUILD_DIR)/Release-iphoneos/body_capture_plugin",
				);
				INFOPLIST_FILE = Runner/Info.plist;
				IPHONEOS_DEPLOYMENT_TARGET = 18.0;
				LD_RUNPATH_SEARCH_PATHS = (
					"$(inherited)",
					"@executable_path/Frameworks",
				);
				PRODUCT_BUNDLE_IDENTIFIER = com.sizemet.app.sizemet;
				PRODUCT_NAME = "$(TARGET_NAME)";
				SWIFT_OBJC_BRIDGING_HEADER = "Runner/Runner-Bridging-Header.h";
				SWIFT_VERSION = 5.0;
				VERSIONING_SYSTEM = "apple-generic";
			};
			name = Profile;
		};
		331C8088294A63A400263BE5 /* Debug */ = {
			isa = XCBuildConfiguration;
			baseConfigurationReference = 58ADC233F491D76B18666980 /* Pods-RunnerTests.debug.xcconfig */;
			buildSettings = {
				BUNDLE_LOADER = "$(TEST_HOST)";
				CODE_SIGN_STYLE = Automatic;
				CURRENT_PROJECT_VERSION = 1;
				GENERATE_INFOPLIST_FILE = YES;
				MARKETING_VERSION = 1.0;
				PRODUCT_BUNDLE_IDENTIFIER = com.sizemet.app.sizemet.RunnerTests;
				PRODUCT_NAME = "$(TARGET_NAME)";
				SWIFT_ACTIVE_COMPILATION_CONDITIONS = DEBUG;
				SWIFT_OPTIMIZATION_LEVEL = "-Onone";
				SWIFT_VERSION = 5.0;
				TEST_HOST = "$(BUILT_PRODUCTS_DIR)/Runner.app/$(BUNDLE_EXECUTABLE_FOLDER_PATH)/Runner";
			};
			name = Debug;
		};
		331C8089294A63A400263BE5 /* Release */ = {
			isa = XCBuildConfiguration;
			baseConfigurationReference = 00C6D09025220F11A0369217 /* Pods-RunnerTests.release.xcconfig */;
			buildSettings = {
				BUNDLE_LOADER = "$(TEST_HOST)";
				CODE_SIGN_STYLE = Automatic;
				CURRENT_PROJECT_VERSION = 1;
				GENERATE_INFOPLIST_FILE = YES;
				MARKETING_VERSION = 1.0;
				PRODUCT_BUNDLE_IDENTIFIER = com.sizemet.app.sizemet.RunnerTests;
				PRODUCT_NAME = "$(TARGET_NAME)";
				SWIFT_VERSION = 5.0;
				TEST_HOST = "$(BUILT_PRODUCTS_DIR)/Runner.app/$(BUNDLE_EXECUTABLE_FOLDER_PATH)/Runner";
			};
			name = Release;
		};
		331C808A294A63A400263BE5 /* Profile */ = {
			isa = XCBuildConfiguration;
			baseConfigurationReference = 0F7AB25D7C199AE1213CA9ED /* Pods-RunnerTests.profile.xcconfig */;
			buildSettings = {
				BUNDLE_LOADER = "$(TEST_HOST)";
				CODE_SIGN_STYLE = Automatic;
				CURRENT_PROJECT_VERSION = 1;
				GENERATE_INFOPLIST_FILE = YES;
				MARKETING_VERSION = 1.0;
				PRODUCT_BUNDLE_IDENTIFIER = com.sizemet.app.sizemet.RunnerTests;
				PRODUCT_NAME = "$(TARGET_NAME)";
				SWIFT_VERSION = 5.0;
				TEST_HOST = "$(BUILT_PRODUCTS_DIR)/Runner.app/$(BUNDLE_EXECUTABLE_FOLDER_PATH)/Runner";
			};
			name = Profile;
		};
		97C147031CF9000F007C117D /* Debug */ = {
			isa = XCBuildConfiguration;
			buildSettings = {
				ALWAYS_SEARCH_USER_PATHS = NO;
				ASSETCATALOG_COMPILER_GENERATE_SWIFT_ASSET_SYMBOL_EXTENSIONS = YES;
				CLANG_ANALYZER_NONNULL = YES;
				CLANG_CXX_LANGUAGE_STANDARD = "gnu++0x";
				CLANG_CXX_LIBRARY = "libc++";
				CLANG_ENABLE_MODULES = YES;
				CLANG_ENABLE_OBJC_ARC = YES;
				CLANG_WARN_BLOCK_CAPTURE_AUTORELEASING = YES;
				CLANG_WARN_BOOL_CONVERSION = YES;
				CLANG_WARN_COMMA = YES;
				CLANG_WARN_CONSTANT_CONVERSION = YES;
				CLANG_WARN_DEPRECATED_OBJC_IMPLEMENTATIONS = YES;
				CLANG_WARN_DIRECT_OBJC_ISA_USAGE = YES_ERROR;
				CLANG_WARN_EMPTY_BODY = YES;
				CLANG_WARN_ENUM_CONVERSION = YES;
				CLANG_WARN_INFINITE_RECURSION = YES;
				CLANG_WARN_INT_CONVERSION = YES;
				CLANG_WARN_NON_LITERAL_NULL_CONVERSION = YES;
				CLANG_WARN_OBJC_IMPLICIT_RETAIN_SELF = YES;
				CLANG_WARN_OBJC_LITERAL_CONVERSION = YES;
				CLANG_WARN_OBJC_ROOT_CLASS = YES_ERROR;
				CLANG_WARN_QUOTED_INCLUDE_IN_FRAMEWORK_HEADER = YES;
				CLANG_WARN_RANGE_LOOP_ANALYSIS = YES;
				CLANG_WARN_STRICT_PROTOTYPES = YES;
				CLANG_WARN_SUSPICIOUS_MOVE = YES;
				CLANG_WARN_UNREACHABLE_CODE = YES;
				CLANG_WARN__DUPLICATE_METHOD_MATCH = YES;
				"CODE_SIGN_IDENTITY[sdk=iphoneos*]" = "iPhone Developer";
				COPY_PHASE_STRIP = NO;
				DEBUG_INFORMATION_FORMAT = dwarf;
				ENABLE_STRICT_OBJC_MSGSEND = YES;
				ENABLE_TESTABILITY = YES;
				ENABLE_USER_SCRIPT_SANDBOXING = NO;
				FLUTTER_ROOT = /Users/hena/Downloads/flutter;
				GCC_C_LANGUAGE_STANDARD = gnu99;
				GCC_DYNAMIC_NO_PIC = NO;
				GCC_NO_COMMON_BLOCKS = YES;
				GCC_OPTIMIZATION_LEVEL = 0;
				GCC_PREPROCESSOR_DEFINITIONS = (
					"DEBUG=1",
					"$(inherited)",
				);
				GCC_WARN_64_TO_32_BIT_CONVERSION = YES;
				GCC_WARN_ABOUT_RETURN_TYPE = YES_ERROR;
				GCC_WARN_UNDECLARED_SELECTOR = YES;
				GCC_WARN_UNINITIALIZED_AUTOS = YES_AGGRESSIVE;
				GCC_WARN_UNUSED_FUNCTION = YES;
				GCC_WARN_UNUSED_VARIABLE = YES;
				IPHONEOS_DEPLOYMENT_TARGET = 12.0;
				MTL_ENABLE_DEBUG_INFO = YES;
				ONLY_ACTIVE_ARCH = YES;
				SDKROOT = iphoneos;
				TARGETED_DEVICE_FAMILY = "1,2";
			};
			name = Debug;
		};
		97C147041CF9000F007C117D /* Release */ = {
			isa = XCBuildConfiguration;
			buildSettings = {
				ALWAYS_SEARCH_USER_PATHS = NO;
				ASSETCATALOG_COMPILER_GENERATE_SWIFT_ASSET_SYMBOL_EXTENSIONS = YES;
				CLANG_ANALYZER_NONNULL = YES;
				CLANG_CXX_LANGUAGE_STANDARD = "gnu++0x";
				CLANG_CXX_LIBRARY = "libc++";
				CLANG_ENABLE_MODULES = YES;
				CLANG_ENABLE_OBJC_ARC = YES;
				CLANG_WARN_BLOCK_CAPTURE_AUTORELEASING = YES;
				CLANG_WARN_BOOL_CONVERSION = YES;
				CLANG_WARN_COMMA = YES;
				CLANG_WARN_CONSTANT_CONVERSION = YES;
				CLANG_WARN_DEPRECATED_OBJC_IMPLEMENTATIONS = YES;
				CLANG_WARN_DIRECT_OBJC_ISA_USAGE = YES_ERROR;
				CLANG_WARN_EMPTY_BODY = YES;
				CLANG_WARN_ENUM_CONVERSION = YES;
				CLANG_WARN_INFINITE_RECURSION = YES;
				CLANG_WARN_INT_CONVERSION = YES;
				CLANG_WARN_NON_LITERAL_NULL_CONVERSION = YES;
				CLANG_WARN_OBJC_IMPLICIT_RETAIN_SELF = YES;
				CLANG_WARN_OBJC_LITERAL_CONVERSION = YES;
				CLANG_WARN_OBJC_ROOT_CLASS = YES_ERROR;
				CLANG_WARN_QUOTED_INCLUDE_IN_FRAMEWORK_HEADER = YES;
				CLANG_WARN_RANGE_LOOP_ANALYSIS = YES;
				CLANG_WARN_STRICT_PROTOTYPES = YES;
				CLANG_WARN_SUSPICIOUS_MOVE = YES;
				CLANG_WARN_UNREACHABLE_CODE = YES;
				CLANG_WARN__DUPLICATE_METHOD_MATCH = YES;
				"CODE_SIGN_IDENTITY[sdk=iphoneos*]" = "iPhone Developer";
				COPY_PHASE_STRIP = NO;
				DEBUG_INFORMATION_FORMAT = "dwarf-with-dsym";
				ENABLE_NS_ASSERTIONS = NO;
				ENABLE_STRICT_OBJC_MSGSEND = YES;
				ENABLE_USER_SCRIPT_SANDBOXING = NO;
				FLUTTER_ROOT = /Users/hena/Downloads/flutter;
				GCC_C_LANGUAGE_STANDARD = gnu99;
				GCC_NO_COMMON_BLOCKS = YES;
				GCC_WARN_64_TO_32_BIT_CONVERSION = YES;
				GCC_WARN_ABOUT_RETURN_TYPE = YES_ERROR;
				GCC_WARN_UNDECLARED_SELECTOR = YES;
				GCC_WARN_UNINITIALIZED_AUTOS = YES_AGGRESSIVE;
				GCC_WARN_UNUSED_FUNCTION = YES;
				GCC_WARN_UNUSED_VARIABLE = YES;
				IPHONEOS_DEPLOYMENT_TARGET = 12.0;
				MTL_ENABLE_DEBUG_INFO = NO;
				SDKROOT = iphoneos;
				SUPPORTED_PLATFORMS = iphoneos;
				SWIFT_COMPILATION_MODE = wholemodule;
				SWIFT_OPTIMIZATION_LEVEL = "-O";
				TARGETED_DEVICE_FAMILY = "1,2";
				VALIDATE_PRODUCT = YES;
			};
			name = Release;
		};
		97C147061CF9000F007C117D /* Debug */ = {
			isa = XCBuildConfiguration;
			baseConfigurationReference = 1B472B03681E0418D4447FF9 /* Pods-Runner.debug.xcconfig */;
			buildSettings = {
				ASSETCATALOG_COMPILER_APPICON_NAME = AppIcon;
				CLANG_ENABLE_MODULES = YES;
				CURRENT_PROJECT_VERSION = "$(FLUTTER_BUILD_NUMBER)";
				DEVELOPMENT_TEAM = QH8QYB75N7;
				ENABLE_BITCODE = NO;
				FLUTTER_APPLICATION_PATH = /Users/hena/Documents/Sizemet_App;
				FLUTTER_BUILD_DIR = "${SRCROOT}/ .symlinks/flutter";
				FLUTTER_ROOT = /Users/hena/Downloads/flutter;
				FRAMEWORK_SEARCH_PATHS = (
					"$(inherited)",
					"$(PROJECT_DIR)/Flutter/**",
					"$(PROJECT_DIR)/Pods",
					"$(PROJECT_DIR)/Flutter/ephemeral/**",
					"$(BUILD_DIR)/Profile-iphoneos/body_capture_plugin",
					"$(BUILD_DIR)/Debug-iphoneos/body_capture_plugin",
					"$(BUILD_DIR)/Release-iphoneos/body_capture_plugin",
				);
				INFOPLIST_FILE = Runner/Info.plist;
				IPHONEOS_DEPLOYMENT_TARGET = 18.0;
				LD_RUNPATH_SEARCH_PATHS = (
					"$(inherited)",
					"@executable_path/Frameworks",
				);
				PRODUCT_BUNDLE_IDENTIFIER = com.sizemet.app.sizemet;
				PRODUCT_NAME = "$(TARGET_NAME)";
				SWIFT_OBJC_BRIDGING_HEADER = "Runner/Runner-Bridging-Header.h";
				SWIFT_OPTIMIZATION_LEVEL = "-Onone";
				SWIFT_VERSION = 5.0;
				VERSIONING_SYSTEM = "apple-generic";
			};
			name = Debug;
		};
		97C147071CF9000F007C117D /* Release */ = {
			isa = XCBuildConfiguration;
			baseConfigurationReference = 5B9055C466DAD32CBFEEEB2C /* Pods-Runner.release.xcconfig */;
			buildSettings = {
				ASSETCATALOG_COMPILER_APPICON_NAME = AppIcon;
				CLANG_ENABLE_MODULES = YES;
				CURRENT_PROJECT_VERSION = "$(FLUTTER_BUILD_NUMBER)";
				DEVELOPMENT_TEAM = QH8QYB75N7;
				ENABLE_BITCODE = NO;
				FLUTTER_APPLICATION_PATH = /Users/hena/Documents/Sizemet_App;
				FLUTTER_BUILD_DIR = "${SRCROOT}/ .symlinks/flutter";
				FLUTTER_ROOT = /Users/hena/Downloads/flutter;
				FRAMEWORK_SEARCH_PATHS = (
					"$(inherited)",
					"$(PROJECT_DIR)/Flutter/**",
					"$(PROJECT_DIR)/Pods",
					"$(PROJECT_DIR)/Flutter/ephemeral/**",
					"$(BUILD_DIR)/Profile-iphoneos/body_capture_plugin",
					"$(BUILD_DIR)/Debug-iphoneos/body_capture_plugin",
					"$(BUILD_DIR)/Release-iphoneos/body_capture_plugin",
				);
				INFOPLIST_FILE = Runner/Info.plist;
				IPHONEOS_DEPLOYMENT_TARGET = 18.0;
				LD_RUNPATH_SEARCH_PATHS = (
					"$(inherited)",
					"@executable_path/Frameworks",
				);
				PRODUCT_BUNDLE_IDENTIFIER = com.sizemet.app.sizemet;
				PRODUCT_NAME = "$(TARGET_NAME)";
				SWIFT_OBJC_BRIDGING_HEADER = "Runner/Runner-Bridging-Header.h";
				SWIFT_VERSION = 5.0;
				VERSIONING_SYSTEM = "apple-generic";
			};
			name = Release;
		};
/* End XCBuildConfiguration section */

/* Begin XCConfigurationList section */
		331C8087294A63A400263BE5 /* Build configuration list for PBXNativeTarget "RunnerTests" */ = {
			isa = XCConfigurationList;
			buildConfigurations = (
				331C8088294A63A400263BE5 /* Debug */,
				331C8089294A63A400263BE5 /* Release */,
				331C808A294A63A400263BE5 /* Profile */,
			);
			defaultConfigurationIsVisible = 0;
			defaultConfigurationName = Release;
		};
		97C146E91CF9000F007C117D /* Build configuration list for PBXProject "Runner" */ = {
			isa = XCConfigurationList;
			buildConfigurations = (
				97C147031CF9000F007C117D /* Debug */,
				97C147041CF9000F007C117D /* Release */,
				249021D3217E4FDB00AE95B9 /* Profile */,
			);
			defaultConfigurationIsVisible = 0;
			defaultConfigurationName = Release;
		};
		97C147051CF9000F007C117D /* Build configuration list for PBXNativeTarget "Runner" */ = {
			isa = XCConfigurationList;
			buildConfigurations = (
				97C147061CF9000F007C117D /* Debug */,
				97C147071CF9000F007C117D /* Release */,
				249021D4217E4FDB00AE95B9 /* Profile */,
			);
			defaultConfigurationIsVisible = 0;
			defaultConfigurationName = Release;
		};
/* End XCConfigurationList section */
	};
	rootObject = 97C146E61CF9000F007C117D /* Project object */;
}
